Microsoft Visual Studio Solution File, Format Version 11.00
# Visual Studio 2008

Project("{55698A55-E142-40C9-1824-6AD073B5873F}") = "Andromeda", "Assembly-CSharp.csproj", "{46C80AEB-810B-716C-DA1C-C422CB9684FF}"
EndProject
Project("{55698A55-E142-40C9-1824-6AD073B5873F}") = "Andromeda", "Assembly-CSharp-Editor.csproj", "{EE60271E-9745-0D28-4E81-C903C262EAEB}"
EndProject
Global
	GlobalSection(SolutionConfigurationPlatforms) = preSolution
		Debug|Any CPU = Debug|Any CPU
		Release|Any CPU = Release|Any CPU
	EndGlobalSection
	GlobalSection(ProjectConfigurationPlatforms) = postSolution
		{46C80AEB-810B-716C-DA1C-C422CB9684FF}.Debug|Any CPU.ActiveCfg = Debug|Any CPU
		{46C80AEB-810B-716C-DA1C-C422CB9684FF}.Debug|Any CPU.Build.0 = Debug|Any CPU
		{46C80AEB-810B-716C-DA1C-C422CB9684FF}.Release|Any CPU.ActiveCfg = Release|Any CPU
		{46C80AEB-810B-716C-DA1C-C422CB9684FF}.Release|Any CPU.Build.0 = Release|Any CPU
		{EE60271E-9745-0D28-4E81-C903C262EAEB}.Debug|Any CPU.ActiveCfg = Debug|Any CPU
		{EE60271E-9745-0D28-4E81-C903C262EAEB}.Debug|Any CPU.Build.0 = Debug|Any CPU
		{EE60271E-9745-0D28-4E81-C903C262EAEB}.Release|Any CPU.ActiveCfg = Release|Any CPU
		{EE60271E-9745-0D28-4E81-C903C262EAEB}.Release|Any CPU.Build.0 = Release|Any CPU
	EndGlobalSection
	GlobalSection(SolutionProperties) = preSolution
		HideSolutionNode = FALSE
	EndGlobalSection
	GlobalSection(MonoDevelopProperties) = preSolution
		StartupItem = Assembly-CSharp.csproj
	EndGlobalSection
EndGlobal
